// !$*UTF8*$!
{
	archiveVersion = 1;
	classes = {
	};
	objectVersion = 46;
	objects = {

/* Begin PBXBuildFile section */
		2322740617B0744400105DB5 /* AFHTTPClient.m in Sources */ = {isa = PBXBuildFile; fileRef = 232273F317B0744400105DB5 /* AFHTTPClient.m */; };
		2322740817B0744400105DB5 /* AFHTTPRequestOperation.m in Sources */ = {isa = PBXBuildFile; fileRef = 232273F517B0744400105DB5 /* AFHTTPRequestOperation.m */; };
		2322740A17B0744400105DB5 /* AFImageRequestOperation.m in Sources */ = {isa = PBXBuildFile; fileRef = 232273F717B0744400105DB5 /* AFImageRequestOperation.m */; };
		2322740C17B0744400105DB5 /* AFJSONRequestOperation.m in Sources */ = {isa = PBXBuildFile; fileRef = 232273F917B0744400105DB5 /* AFJSONRequestOperation.m */; };
		2322740E17B0744400105DB5 /* AFNetworkActivityIndicatorManager.m in Sources */ = {isa = PBXBuildFile; fileRef = 232273FB17B0744400105DB5 /* AFNetworkActivityIndicatorManager.m */; };
		2322741117B0744400105DB5 /* AFPropertyListRequestOperation.m in Sources */ = {isa = PBXBuildFile; fileRef = 232273FE17B0744400105DB5 /* AFPropertyListRequestOperation.m */; };
		2322741317B0744400105DB5 /* AFURLConnectionOperation.m in Sources */ = {isa = PBXBuildFile; fileRef = 2322740017B0744400105DB5 /* AFURLConnectionOperation.m */; };
		2322741517B0744400105DB5 /* AFXMLRequestOperation.m in Sources */ = {isa = PBXBuildFile; fileRef = 2322740217B0744400105DB5 /* AFXMLRequestOperation.m */; };
		2322741717B0744400105DB5 /* UIImageView+AFNetworking.m in Sources */ = {isa = PBXBuildFile; fileRef = 2322740417B0744400105DB5 /* UIImageView+AFNetworking.m */; };
		2322741A17B0750D00105DB5 /* Blurred.mp3 in Resources */ = {isa = PBXBuildFile; fileRef = 2322741917B0750D00105DB5 /* Blurred.mp3 */; };
		2322741C17B0780200105DB5 /* videoPlayButton@2x.png in Resources */ = {isa = PBXBuildFile; fileRef = 2322741B17B0780200105DB5 /* videoPlayButton@2x.png */; };
		234FE20117B06C4D00B8E7C7 /* Foundation.framework in Frameworks */ = {isa = PBXBuildFile; fileRef = 234FE20017B06C4D00B8E7C7 /* Foundation.framework */; };
		234FE20317B06C4D00B8E7C7 /* CoreGraphics.framework in Frameworks */ = {isa = PBXBuildFile; fileRef = 234FE20217B06C4D00B8E7C7 /* CoreGraphics.framework */; };
		234FE20517B06C4D00B8E7C7 /* UIKit.framework in Frameworks */ = {isa = PBXBuildFile; fileRef = 234FE20417B06C4D00B8E7C7 /* UIKit.framework */; };
		234FE20B17B06C4D00B8E7C7 /* InfoPlist.strings in Resources */ = {isa = PBXBuildFile; fileRef = 234FE20917B06C4D00B8E7C7 /* InfoPlist.strings */; };
		234FE20D17B06C4D00B8E7C7 /* main.m in Sources */ = {isa = PBXBuildFile; fileRef = 234FE20C17B06C4D00B8E7C7 /* main.m */; };
		234FE21117B06C4D00B8E7C7 /* AppDelegate.m in Sources */ = {isa = PBXBuildFile; fileRef = 234FE21017B06C4D00B8E7C7 /* AppDelegate.m */; };
		234FE21417B06C4D00B8E7C7 /* Main_iPhone.storyboard in Resources */ = {isa = PBXBuildFile; fileRef = 234FE21217B06C4D00B8E7C7 /* Main_iPhone.storyboard */; };
		234FE21717B06C4D00B8E7C7 /* Main_iPad.storyboard in Resources */ = {isa = PBXBuildFile; fileRef = 234FE21517B06C4D00B8E7C7 /* Main_iPad.storyboard */; };
		234FE21A17B06C4D00B8E7C7 /* ViewController.m in Sources */ = {isa = PBXBuildFile; fileRef = 234FE21917B06C4D00B8E7C7 /* ViewController.m */; };
		234FE21C17B06C4D00B8E7C7 /* Images.xcassets in Resources */ = {isa = PBXBuildFile; fileRef = 234FE21B17B06C4D00B8E7C7 /* Images.xcassets */; };
		234FE22317B06C4D00B8E7C7 /* XCTest.framework in Frameworks */ = {isa = PBXBuildFile; fileRef = 234FE22217B06C4D00B8E7C7 /* XCTest.framework */; };
		234FE22417B06C4D00B8E7C7 /* Foundation.framework in Frameworks */ = {isa = PBXBuildFile; fileRef = 234FE20017B06C4D00B8E7C7 /* Foundation.framework */; };
		234FE22517B06C4D00B8E7C7 /* UIKit.framework in Frameworks */ = {isa = PBXBuildFile; fileRef = 234FE20417B06C4D00B8E7C7 /* UIKit.framework */; };
		234FE22D17B06C4D00B8E7C7 /* InfoPlist.strings in Resources */ = {isa = PBXBuildFile; fileRef = 234FE22B17B06C4D00B8E7C7 /* InfoPlist.strings */; };
		234FE22F17B06C4D00B8E7C7 /* OneSongTests.m in Sources */ = {isa = PBXBuildFile; fileRef = 234FE22E17B06C4D00B8E7C7 /* OneSongTests.m */; };
		234FE23917B06CB500B8E7C7 /* background.png in Resources */ = {isa = PBXBuildFile; fileRef = 234FE23817B06CB500B8E7C7 /* background.png */; };
		23F16A9C17B07FE400309BD4 /* ProgressBar.m in Sources */ = {isa = PBXBuildFile; fileRef = 2322741E17B0798900105DB5 /* ProgressBar.m */; };
/* End PBXBuildFile section */

/* Begin PBXContainerItemProxy section */
		234FE22617B06C4D00B8E7C7 /* PBXContainerItemProxy */ = {
			isa = PBXContainerItemProxy;
			containerPortal = 234FE1F517B06C4D00B8E7C7 /* Project object */;
			proxyType = 1;
			remoteGlobalIDString = 234FE1FC17B06C4D00B8E7C7;
			remoteInfo = OneSong;
		};
/* End PBXContainerItemProxy section */

/* Begin PBXFileReference section */
		232273F217B0744400105DB5 /* AFHTTPClient.h */ = {isa = PBXFileReference; lastKnownFileType = sourcecode.c.h; name = AFHTTPClient.h; path = OneSong/AFNetworking/AFHTTPClient.h; sourceTree = "<group>"; };
		232273F317B0744400105DB5 /* AFHTTPClient.m */ = {isa = PBXFileReference; lastKnownFileType = sourcecode.c.objc; name = AFHTTPClient.m; path = OneSong/AFNetworking/AFHTTPClient.m; sourceTree = "<group>"; };
		232273F417B0744400105DB5 /* AFHTTPRequestOperation.h */ = {isa = PBXFileReference; lastKnownFileType = sourcecode.c.h; name = AFHTTPRequestOperation.h; path = OneSong/AFNetworking/AFHTTPRequestOperation.h; sourceTree = "<group>"; };
		232273F517B0744400105DB5 /* AFHTTPRequestOperation.m */ = {isa = PBXFileReference; lastKnownFileType = sourcecode.c.objc; name = AFHTTPRequestOperation.m; path = OneSong/AFNetworking/AFHTTPRequestOperation.m; sourceTree = "<group>"; };
		232273F617B0744400105DB5 /* AFImageRequestOperation.h */ = {isa = PBXFileReference; lastKnownFileType = sourcecode.c.h; name = AFImageRequestOperation.h; path = OneSong/AFNetworking/AFImageRequestOperation.h; sourceTree = "<group>"; };
		232273F717B0744400105DB5 /* AFImageRequestOperation.m */ = {isa = PBXFileReference; lastKnownFileType = sourcecode.c.objc; name = AFImageRequestOperation.m; path = OneSong/AFNetworking/AFImageRequestOperation.m; sourceTree = "<group>"; };
		232273F817B0744400105DB5 /* AFJSONRequestOperation.h */ = {isa = PBXFileReference; lastKnownFileType = sourcecode.c.h; name = AFJSONRequestOperation.h; path = OneSong/AFNetworking/AFJSONRequestOperation.h; sourceTree = "<group>"; };
		232273F917B0744400105DB5 /* AFJSONRequestOperation.m */ = {isa = PBXFileReference; lastKnownFileType = sourcecode.c.objc; name = AFJSONRequestOperation.m; path = OneSong/AFNetworking/AFJSONRequestOperation.m; sourceTree = "<group>"; };
		232273FA17B0744400105DB5 /* AFNetworkActivityIndicatorManager.h */ = {isa = PBXFileReference; lastKnownFileType = sourcecode.c.h; name = AFNetworkActivityIndicatorManager.h; path = OneSong/AFNetworking/AFNetworkActivityIndicatorManager.h; sourceTree = "<group>"; };
		232273FB17B0744400105DB5 /* AFNetworkActivityIndicatorManager.m */ = {isa = PBXFileReference; lastKnownFileType = sourcecode.c.objc; name = AFNetworkActivityIndicatorManager.m; path = OneSong/AFNetworking/AFNetworkActivityIndicatorManager.m; sourceTree = "<group>"; };
		232273FC17B0744400105DB5 /* AFNetworking.h */ = {isa = PBXFileReference; lastKnownFileType = sourcecode.c.h; name = AFNetworking.h; path = OneSong/AFNetworking/AFNetworking.h; sourceTree = "<group>"; };
		232273FD17B0744400105DB5 /* AFPropertyListRequestOperation.h */ = {isa = PBXFileReference; lastKnownFileType = sourcecode.c.h; name = AFPropertyListRequestOperation.h; path = OneSong/AFNetworking/AFPropertyListRequestOperation.h; sourceTree = "<group>"; };
		232273FE17B0744400105DB5 /* AFPropertyListRequestOperation.m */ = {isa = PBXFileReference; lastKnownFileType = sourcecode.c.objc; name = AFPropertyListRequestOperation.m; path = OneSong/AFNetworking/AFPropertyListRequestOperation.m; sourceTree = "<group>"; };
		232273FF17B0744400105DB5 /* AFURLConnectionOperation.h */ = {isa = PBXFileReference; lastKnownFileType = sourcecode.c.h; name = AFURLConnectionOperation.h; path = OneSong/AFNetworking/AFURLConnectionOperation.h; sourceTree = "<group>"; };
		2322740017B0744400105DB5 /* AFURLConnectionOperation.m */ = {isa = PBXFileReference; lastKnownFileType = sourcecode.c.objc; name = AFURLConnectionOperation.m; path = OneSong/AFNetworking/AFURLConnectionOperation.m; sourceTree = "<group>"; };
		2322740117B0744400105DB5 /* AFXMLRequestOperation.h */ = {isa = PBXFileReference; lastKnownFileType = sourcecode.c.h; name = AFXMLRequestOperation.h; path = OneSong/AFNetworking/AFXMLRequestOperation.h; sourceTree = "<group>"; };
		2322740217B0744400105DB5 /* AFXMLRequestOperation.m */ = {isa = PBXFileReference; lastKnownFileType = sourcecode.c.objc; name = AFXMLRequestOperation.m; path = OneSong/AFNetworking/AFXMLRequestOperation.m; sourceTree = "<group>"; };
		2322740317B0744400105DB5 /* UIImageView+AFNetworking.h */ = {isa = PBXFileReference; lastKnownFileType = sourcecode.c.h; name = "UIImageView+AFNetworking.h"; path = "OneSong/AFNetworking/UIImageView+AFNetworking.h"; sourceTree = "<group>"; };
		2322740417B0744400105DB5 /* UIImageView+AFNetworking.m */ = {isa = PBXFileReference; lastKnownFileType = sourcecode.c.objc; name = "UIImageView+AFNetworking.m"; path = "OneSong/AFNetworking/UIImageView+AFNetworking.m"; sourceTree = "<group>"; };
		2322741917B0750D00105DB5 /* Blurred.mp3 */ = {isa = PBXFileReference; lastKnownFileType = audio.mp3; path = Blurred.mp3; sourceTree = "<group>"; };
		2322741B17B0780200105DB5 /* videoPlayButton@2x.png */ = {isa = PBXFileReference; lastKnownFileType = image.png; path = "videoPlayButton@2x.png"; sourceTree = "<group>"; };
		2322741D17B0798900105DB5 /* ProgressBar.h */ = {isa = PBXFileReference; lastKnownFileType = sourcecode.c.h; path = ProgressBar.h; sourceTree = "<group>"; };
		2322741E17B0798900105DB5 /* ProgressBar.m */ = {isa = PBXFileReference; lastKnownFileType = sourcecode.c.objc; path = ProgressBar.m; sourceTree = "<group>"; };
		234FE1FD17B06C4D00B8E7C7 /* OneSong.app */ = {isa = PBXFileReference; explicitFileType = wrapper.application; includeInIndex = 0; path = OneSong.app; sourceTree = BUILT_PRODUCTS_DIR; };
		234FE20017B06C4D00B8E7C7 /* Foundation.framework */ = {isa = PBXFileReference; lastKnownFileType = wrapper.framework; name = Foundation.framework; path = System/Library/Frameworks/Foundation.framework; sourceTree = SDKROOT; };
		234FE20217B06C4D00B8E7C7 /* CoreGraphics.framework */ = {isa = PBXFileReference; lastKnownFileType = wrapper.framework; name = CoreGraphics.framework; path = System/Library/Frameworks/CoreGraphics.framework; sourceTree = SDKROOT; };
		234FE20417B06C4D00B8E7C7 /* UIKit.framework */ = {isa = PBXFileReference; lastKnownFileType = wrapper.framework; name = UIKit.framework; path = System/Library/Frameworks/UIKit.framework; sourceTree = SDKROOT; };
		234FE20817B06C4D00B8E7C7 /* OneSong-Info.plist */ = {isa = PBXFileReference; lastKnownFileType = text.plist.xml; path = "OneSong-Info.plist"; sourceTree = "<group>"; };
		234FE20A17B06C4D00B8E7C7 /* en */ = {isa = PBXFileReference; lastKnownFileType = text.plist.strings; name = en; path = en.lproj/InfoPlist.strings; sourceTree = "<group>"; };
		234FE20C17B06C4D00B8E7C7 /* main.m */ = {isa = PBXFileReference; lastKnownFileType = sourcecode.c.objc; path = main.m; sourceTree = "<group>"; };
		234FE20E17B06C4D00B8E7C7 /* OneSong-Prefix.pch */ = {isa = PBXFileReference; lastKnownFileType = sourcecode.c.h; path = "OneSong-Prefix.pch"; sourceTree = "<group>"; };
		234FE20F17B06C4D00B8E7C7 /* AppDelegate.h */ = {isa = PBXFileReference; lastKnownFileType = sourcecode.c.h; path = AppDelegate.h; sourceTree = "<group>"; };
		234FE21017B06C4D00B8E7C7 /* AppDelegate.m */ = {isa = PBXFileReference; lastKnownFileType = sourcecode.c.objc; path = AppDelegate.m; sourceTree = "<group>"; };
		234FE21317B06C4D00B8E7C7 /* Base */ = {isa = PBXFileReference; lastKnownFileType = file.storyboard; name = Base; path = Base.lproj/Main_iPhone.storyboard; sourceTree = "<group>"; };
		234FE21617B06C4D00B8E7C7 /* Base */ = {isa = PBXFileReference; lastKnownFileType = file.storyboard; name = Base; path = Base.lproj/Main_iPad.storyboard; sourceTree = "<group>"; };
		234FE21817B06C4D00B8E7C7 /* ViewController.h */ = {isa = PBXFileReference; lastKnownFileType = sourcecode.c.h; path = ViewController.h; sourceTree = "<group>"; };
		234FE21917B06C4D00B8E7C7 /* ViewController.m */ = {isa = PBXFileReference; lastKnownFileType = sourcecode.c.objc; path = ViewController.m; sourceTree = "<group>"; };
		234FE21B17B06C4D00B8E7C7 /* Images.xcassets */ = {isa = PBXFileReference; lastKnownFileType = folder.assetcatalog; path = Images.xcassets; sourceTree = "<group>"; };
		234FE22117B06C4D00B8E7C7 /* OneSongTests.xctest */ = {isa = PBXFileReference; explicitFileType = wrapper.cfbundle; includeInIndex = 0; path = OneSongTests.xctest; sourceTree = BUILT_PRODUCTS_DIR; };
		234FE22217B06C4D00B8E7C7 /* XCTest.framework */ = {isa = PBXFileReference; lastKnownFileType = wrapper.framework; name = XCTest.framework; path = Library/Frameworks/XCTest.framework; sourceTree = DEVELOPER_DIR; };
		234FE22A17B06C4D00B8E7C7 /* OneSongTests-Info.plist */ = {isa = PBXFileReference; lastKnownFileType = text.plist.xml; path = "OneSongTests-Info.plist"; sourceTree = "<group>"; };
		234FE22C17B06C4D00B8E7C7 /* en */ = {isa = PBXFileReference; lastKnownFileType = text.plist.strings; name = en; path = en.lproj/InfoPlist.strings; sourceTree = "<group>"; };
		234FE22E17B06C4D00B8E7C7 /* OneSongTests.m */ = {isa = PBXFileReference; lastKnownFileType = sourcecode.c.objc; path = OneSongTests.m; sourceTree = "<group>"; };
		234FE23817B06CB500B8E7C7 /* background.png */ = {isa = PBXFileReference; lastKnownFileType = image.png; path = background.png; sourceTree = "<group>"; };
/* End PBXFileReference section */

/* Begin PBXFrameworksBuildPhase section */
		234FE1FA17B06C4D00B8E7C7 /* Frameworks */ = {
			isa = PBXFrameworksBuildPhase;
			buildActionMask = 2147483647;
			files = (
				234FE20317B06C4D00B8E7C7 /* CoreGraphics.framework in Frameworks */,
				234FE20517B06C4D00B8E7C7 /* UIKit.framework in Frameworks */,
				234FE20117B06C4D00B8E7C7 /* Foundation.framework in Frameworks */,
			);
			runOnlyForDeploymentPostprocessing = 0;
		};
		234FE21E17B06C4D00B8E7C7 /* Frameworks */ = {
			isa = PBXFrameworksBuildPhase;
			buildActionMask = 2147483647;
			files = (
				234FE22317B06C4D00B8E7C7 /* XCTest.framework in Frameworks */,
				234FE22517B06C4D00B8E7C7 /* UIKit.framework in Frameworks */,
				234FE22417B06C4D00B8E7C7 /* Foundation.framework in Frameworks */,
			);
			runOnlyForDeploymentPostprocessing = 0;
		};
/* End PBXFrameworksBuildPhase section */

/* Begin PBXGroup section */
		2322741817B0746E00105DB5 /* AFNetworking */ = {
			isa = PBXGroup;
			children = (
				232273F217B0744400105DB5 /* AFHTTPClient.h */,
				232273F317B0744400105DB5 /* AFHTTPClient.m */,
				232273F417B0744400105DB5 /* AFHTTPRequestOperation.h */,
				232273F517B0744400105DB5 /* AFHTTPRequestOperation.m */,
				232273F617B0744400105DB5 /* AFImageRequestOperation.h */,
				232273F717B0744400105DB5 /* AFImageRequestOperation.m */,
				232273F817B0744400105DB5 /* AFJSONRequestOperation.h */,
				232273F917B0744400105DB5 /* AFJSONRequestOperation.m */,
				232273FA17B0744400105DB5 /* AFNetworkActivityIndicatorManager.h */,
				232273FB17B0744400105DB5 /* AFNetworkActivityIndicatorManager.m */,
				232273FC17B0744400105DB5 /* AFNetworking.h */,
				232273FD17B0744400105DB5 /* AFPropertyListRequestOperation.h */,
				232273FE17B0744400105DB5 /* AFPropertyListRequestOperation.m */,
				232273FF17B0744400105DB5 /* AFURLConnectionOperation.h */,
				2322740017B0744400105DB5 /* AFURLConnectionOperation.m */,
				2322740117B0744400105DB5 /* AFXMLRequestOperation.h */,
				2322740217B0744400105DB5 /* AFXMLRequestOperation.m */,
				2322740317B0744400105DB5 /* UIImageView+AFNetworking.h */,
				2322740417B0744400105DB5 /* UIImageView+AFNetworking.m */,
			);
			name = AFNetworking;
			sourceTree = "<group>";
		};
		234FE1F417B06C4D00B8E7C7 = {
			isa = PBXGroup;
			children = (
				2322741817B0746E00105DB5 /* AFNetworking */,
				234FE20617B06C4D00B8E7C7 /* OneSong */,
				234FE22817B06C4D00B8E7C7 /* OneSongTests */,
				234FE1FF17B06C4D00B8E7C7 /* Frameworks */,
				234FE1FE17B06C4D00B8E7C7 /* Products */,
			);
			sourceTree = "<group>";
		};
		234FE1FE17B06C4D00B8E7C7 /* Products */ = {
			isa = PBXGroup;
			children = (
				234FE1FD17B06C4D00B8E7C7 /* OneSong.app */,
				234FE22117B06C4D00B8E7C7 /* OneSongTests.xctest */,
			);
			name = Products;
			sourceTree = "<group>";
		};
		234FE1FF17B06C4D00B8E7C7 /* Frameworks */ = {
			isa = PBXGroup;
			children = (
				234FE20017B06C4D00B8E7C7 /* Foundation.framework */,
				234FE20217B06C4D00B8E7C7 /* CoreGraphics.framework */,
				234FE20417B06C4D00B8E7C7 /* UIKit.framework */,
				234FE22217B06C4D00B8E7C7 /* XCTest.framework */,
			);
			name = Frameworks;
			sourceTree = "<group>";
		};
		234FE20617B06C4D00B8E7C7 /* OneSong */ = {
			isa = PBXGroup;
			children = (
				234FE20F17B06C4D00B8E7C7 /* AppDelegate.h */,
				234FE23817B06CB500B8E7C7 /* background.png */,
				234FE21017B06C4D00B8E7C7 /* AppDelegate.m */,
				234FE21217B06C4D00B8E7C7 /* Main_iPhone.storyboard */,
				234FE21517B06C4D00B8E7C7 /* Main_iPad.storyboard */,
				234FE21817B06C4D00B8E7C7 /* ViewController.h */,
				234FE21917B06C4D00B8E7C7 /* ViewController.m */,
				2322741D17B0798900105DB5 /* ProgressBar.h */,
				2322741E17B0798900105DB5 /* ProgressBar.m */,
				234FE21B17B06C4D00B8E7C7 /* Images.xcassets */,
				234FE20717B06C4D00B8E7C7 /* Supporting Files */,
			);
			path = OneSong;
			sourceTree = "<group>";
		};
		234FE20717B06C4D00B8E7C7 /* Supporting Files */ = {
			isa = PBXGroup;
			children = (
				2322741B17B0780200105DB5 /* videoPlayButton@2x.png */,
				2322741917B0750D00105DB5 /* Blurred.mp3 */,
				234FE20817B06C4D00B8E7C7 /* OneSong-Info.plist */,
				234FE20917B06C4D00B8E7C7 /* InfoPlist.strings */,
				234FE20C17B06C4D00B8E7C7 /* main.m */,
				234FE20E17B06C4D00B8E7C7 /* OneSong-Prefix.pch */,
			);
			name = "Supporting Files";
			sourceTree = "<group>";
		};
		234FE22817B06C4D00B8E7C7 /* OneSongTests */ = {
			isa = PBXGroup;
			children = (
				234FE22E17B06C4D00B8E7C7 /* OneSongTests.m */,
				234FE22917B06C4D00B8E7C7 /* Supporting Files */,
			);
			path = OneSongTests;
			sourceTree = "<group>";
		};
		234FE22917B06C4D00B8E7C7 /* Supporting Files */ = {
			isa = PBXGroup;
			children = (
				234FE22A17B06C4D00B8E7C7 /* OneSongTests-Info.plist */,
				234FE22B17B06C4D00B8E7C7 /* InfoPlist.strings */,
			);
			name = "Supporting Files";
			sourceTree = "<group>";
		};
/* End PBXGroup section */

/* Begin PBXNativeTarget section */
		234FE1FC17B06C4D00B8E7C7 /* OneSong */ = {
			isa = PBXNativeTarget;
			buildConfigurationList = 234FE23217B06C4D00B8E7C7 /* Build configuration list for PBXNativeTarget "OneSong" */;
			buildPhases = (
				234FE1F917B06C4D00B8E7C7 /* Sources */,
				234FE1FA17B06C4D00B8E7C7 /* Frameworks */,
				234FE1FB17B06C4D00B8E7C7 /* Resources */,
			);
			buildRules = (
			);
			dependencies = (
			);
			name = OneSong;
			productName = OneSong;
			productReference = 234FE1FD17B06C4D00B8E7C7 /* OneSong.app */;
			productType = "com.apple.product-type.application";
		};
		234FE22017B06C4D00B8E7C7 /* OneSongTests */ = {
			isa = PBXNativeTarget;
			buildConfigurationList = 234FE23517B06C4D00B8E7C7 /* Build configuration list for PBXNativeTarget "OneSongTests" */;
			buildPhases = (
				234FE21D17B06C4D00B8E7C7 /* Sources */,
				234FE21E17B06C4D00B8E7C7 /* Frameworks */,
				234FE21F17B06C4D00B8E7C7 /* Resources */,
			);
			buildRules = (
			);
			dependencies = (
				234FE22717B06C4D00B8E7C7 /* PBXTargetDependency */,
			);
			name = OneSongTests;
			productName = OneSongTests;
			productReference = 234FE22117B06C4D00B8E7C7 /* OneSongTests.xctest */;
			productType = "com.apple.product-type.bundle.unit-test";
		};
/* End PBXNativeTarget section */

/* Begin PBXProject section */
		234FE1F517B06C4D00B8E7C7 /* Project object */ = {
			isa = PBXProject;
			attributes = {
				LastUpgradeCheck = 0500;
				ORGANIZATIONNAME = "Gabe Jacobs";
				TargetAttributes = {
					234FE22017B06C4D00B8E7C7 = {
						TestTargetID = 234FE1FC17B06C4D00B8E7C7;
					};
				};
			};
			buildConfigurationList = 234FE1F817B06C4D00B8E7C7 /* Build configuration list for PBXProject "OneSong" */;
			compatibilityVersion = "Xcode 3.2";
			developmentRegion = English;
			hasScannedForEncodings = 0;
			knownRegions = (
				en,
				Base,
			);
			mainGroup = 234FE1F417B06C4D00B8E7C7;
			productRefGroup = 234FE1FE17B06C4D00B8E7C7 /* Products */;
			projectDirPath = "";
			projectRoot = "";
			targets = (
				234FE1FC17B06C4D00B8E7C7 /* OneSong */,
				234FE22017B06C4D00B8E7C7 /* OneSongTests */,
			);
		};
/* End PBXProject section */

/* Begin PBXResourcesBuildPhase section */
		234FE1FB17B06C4D00B8E7C7 /* Resources */ = {
			isa = PBXResourcesBuildPhase;
			buildActionMask = 2147483647;
			files = (
				234FE21717B06C4D00B8E7C7 /* Main_iPad.storyboard in Resources */,
				234FE23917B06CB500B8E7C7 /* background.png in Resources */,
				2322741A17B0750D00105DB5 /* Blurred.mp3 in Resources */,
				234FE21C17B06C4D00B8E7C7 /* Images.xcassets in Resources */,
				234FE21417B06C4D00B8E7C7 /* Main_iPhone.storyboard in Resources */,
				234FE20B17B06C4D00B8E7C7 /* InfoPlist.strings in Resources */,
				2322741C17B0780200105DB5 /* videoPlayButton@2x.png in Resources */,
			);
			runOnlyForDeploymentPostprocessing = 0;
		};
		234FE21F17B06C4D00B8E7C7 /* Resources */ = {
			isa = PBXResourcesBuildPhase;
			buildActionMask = 2147483647;
			files = (
				234FE22D17B06C4D00B8E7C7 /* InfoPlist.strings in Resources */,
			);
			runOnlyForDeploymentPostprocessing = 0;
		};
/* End PBXResourcesBuildPhase section */

/* Begin PBXSourcesBuildPhase section */
		234FE1F917B06C4D00B8E7C7 /* Sources */ = {
			isa = PBXSourcesBuildPhase;
			buildActionMask = 2147483647;
			files = (
				23F16A9C17B07FE400309BD4 /* ProgressBar.m in Sources */,
				2322740617B0744400105DB5 /* AFHTTPClient.m in Sources */,
				2322740817B0744400105DB5 /* AFHTTPRequestOperation.m in Sources */,
				2322740A17B0744400105DB5 /* AFImageRequestOperation.m in Sources */,
				2322740C17B0744400105DB5 /* AFJSONRequestOperation.m in Sources */,
				2322740E17B0744400105DB5 /* AFNetworkActivityIndicatorManager.m in Sources */,
				2322741117B0744400105DB5 /* AFPropertyListRequestOperation.m in Sources */,
				2322741317B0744400105DB5 /* AFURLConnectionOperation.m in Sources */,
				2322741517B0744400105DB5 /* AFXMLRequestOperation.m in Sources */,
				2322741717B0744400105DB5 /* UIImageView+AFNetworking.m in Sources */,
				234FE21A17B06C4D00B8E7C7 /* ViewController.m in Sources */,
				234FE21117B06C4D00B8E7C7 /* AppDelegate.m in Sources */,
				234FE20D17B06C4D00B8E7C7 /* main.m in Sources */,
			);
			runOnlyForDeploymentPostprocessing = 0;
		};
		234FE21D17B06C4D00B8E7C7 /* Sources */ = {
			isa = PBXSourcesBuildPhase;
			buildActionMask = 2147483647;
			files = (
				234FE22F17B06C4D00B8E7C7 /* OneSongTests.m in Sources */,
			);
			runOnlyForDeploymentPostprocessing = 0;
		};
/* End PBXSourcesBuildPhase section */

/* Begin PBXTargetDependency section */
		234FE22717B06C4D00B8E7C7 /* PBXTargetDependency */ = {
			isa = PBXTargetDependency;
			target = 234FE1FC17B06C4D00B8E7C7 /* OneSong */;
			targetProxy = 234FE22617B06C4D00B8E7C7 /* PBXContainerItemProxy */;
		};
/* End PBXTargetDependency section */

/* Begin PBXVariantGroup section */
		234FE20917B06C4D00B8E7C7 /* InfoPlist.strings */ = {
			isa = PBXVariantGroup;
			children = (
				234FE20A17B06C4D00B8E7C7 /* en */,
			);
			name = InfoPlist.strings;
			sourceTree = "<group>";
		};
		234FE21217B06C4D00B8E7C7 /* Main_iPhone.storyboard */ = {
			isa = PBXVariantGroup;
			children = (
				234FE21317B06C4D00B8E7C7 /* Base */,
			);
			name = Main_iPhone.storyboard;
			sourceTree = "<group>";
		};
		234FE21517B06C4D00B8E7C7 /* Main_iPad.storyboard */ = {
			isa = PBXVariantGroup;
			children = (
				234FE21617B06C4D00B8E7C7 /* Base */,
			);
			name = Main_iPad.storyboard;
			sourceTree = "<group>";
		};
		234FE22B17B06C4D00B8E7C7 /* InfoPlist.strings */ = {
			isa = PBXVariantGroup;
			children = (
				234FE22C17B06C4D00B8E7C7 /* en */,
			);
			name = InfoPlist.strings;
			sourceTree = "<group>";
		};
/* End PBXVariantGroup section */

/* Begin XCBuildConfiguration section */
		234FE23017B06C4D00B8E7C7 /* Debug */ = {
			isa = XCBuildConfiguration;
			buildSettings = {
				ALWAYS_SEARCH_USER_PATHS = NO;
				CLANG_CXX_LANGUAGE_STANDARD = "gnu++0x";
				CLANG_CXX_LIBRARY = "libc++";
				CLANG_ENABLE_MODULES = YES;
				CLANG_ENABLE_OBJC_ARC = YES;
				CLANG_WARN_BOOL_CONVERSION = YES;
				CLANG_WARN_CONSTANT_CONVERSION = YES;
				CLANG_WARN_DIRECT_OBJC_ISA_USAGE = YES_ERROR;
				CLANG_WARN_EMPTY_BODY = YES;
				CLANG_WARN_ENUM_CONVERSION = YES;
				CLANG_WARN_INT_CONVERSION = YES;
				CLANG_WARN_OBJC_ROOT_CLASS = YES_ERROR;
				CLANG_WARN__DUPLICATE_METHOD_MATCH = YES;
				"CODE_SIGN_IDENTITY[sdk=iphoneos*]" = "iPhone Developer";
				COPY_PHASE_STRIP = NO;
				GCC_C_LANGUAGE_STANDARD = gnu99;
				GCC_DYNAMIC_NO_PIC = NO;
				GCC_OPTIMIZATION_LEVEL = 0;
				GCC_PREPROCESSOR_DEFINITIONS = (
					"DEBUG=1",
					"$(inherited)",
				);
				GCC_SYMBOLS_PRIVATE_EXTERN = NO;
				GCC_WARN_ABOUT_RETURN_TYPE = YES_ERROR;
				GCC_WARN_UNDECLARED_SELECTOR = YES;
				GCC_WARN_UNINITIALIZED_AUTOS = YES;
				GCC_WARN_UNUSED_FUNCTION = YES;
				GCC_WARN_UNUSED_VARIABLE = YES;
				IPHONEOS_DEPLOYMENT_TARGET = 7.0;
				ONLY_ACTIVE_ARCH = YES;
				SDKROOT = iphoneos;
				TARGETED_DEVICE_FAMILY = "1,2";
			};
			name = Debug;
		};
		234FE23117B06C4D00B8E7C7 /* Release */ = {
			isa = XCBuildConfiguration;
			buildSettings = {
				ALWAYS_SEARCH_USER_PATHS = NO;
				CLANG_CXX_LANGUAGE_STANDARD = "gnu++0x";
				CLANG_CXX_LIBRARY = "libc++";
				CLANG_ENABLE_MODULES = YES;
				CLANG_ENABLE_OBJC_ARC = YES;
				CLANG_WARN_BOOL_CONVERSION = YES;
				CLANG_WARN_CONSTANT_CONVERSION = YES;
				CLANG_WARN_DIRECT_OBJC_ISA_USAGE = YES_ERROR;
				CLANG_WARN_EMPTY_BODY = YES;
				CLANG_WARN_ENUM_CONVERSION = YES;
				CLANG_WARN_INT_CONVERSION = YES;
				CLANG_WARN_OBJC_ROOT_CLASS = YES_ERROR;
				CLANG_WARN__DUPLICATE_METHOD_MATCH = YES;
				"CODE_SIGN_IDENTITY[sdk=iphoneos*]" = "iPhone Developer";
				COPY_PHASE_STRIP = YES;
				ENABLE_NS_ASSERTIONS = NO;
				GCC_C_LANGUAGE_STANDARD = gnu99;
				GCC_WARN_ABOUT_RETURN_TYPE = YES_ERROR;
				GCC_WARN_UNDECLARED_SELECTOR = YES;
				GCC_WARN_UNINITIALIZED_AUTOS = YES;
				GCC_WARN_UNUSED_FUNCTION = YES;
				GCC_WARN_UNUSED_VARIABLE = YES;
				IPHONEOS_DEPLOYMENT_TARGET = 7.0;
				SDKROOT = iphoneos;
				TARGETED_DEVICE_FAMILY = "1,2";
				VALIDATE_PRODUCT = YES;
			};
			name = Release;
		};
		234FE23317B06C4D00B8E7C7 /* Debug */ = {
			isa = XCBuildConfiguration;
			buildSettings = {
				ASSETCATALOG_COMPILER_APPICON_NAME = AppIcon;
				ASSETCATALOG_COMPILER_LAUNCHIMAGE_NAME = LaunchImage;
				GCC_PRECOMPILE_PREFIX_HEADER = YES;
				GCC_PREFIX_HEADER = "OneSong/OneSong-Prefix.pch";
				INFOPLIST_FILE = "OneSong/OneSong-Info.plist";
				PRODUCT_NAME = "$(TARGET_NAME)";
				WRAPPER_EXTENSION = app;
			};
			name = Debug;
		};
		234FE23417B06C4D00B8E7C7 /* Release */ = {
			isa = XCBuildConfiguration;
			buildSettings = {
				ASSETCATALOG_COMPILER_APPICON_NAME = AppIcon;
				ASSETCATALOG_COMPILER_LAUNCHIMAGE_NAME = LaunchImage;
				GCC_PRECOMPILE_PREFIX_HEADER = YES;
				GCC_PREFIX_HEADER = "OneSong/OneSong-Prefix.pch";
				INFOPLIST_FILE = "OneSong/OneSong-Info.plist";
				PRODUCT_NAME = "$(TARGET_NAME)";
				WRAPPER_EXTENSION = app;
			};
			name = Release;
		};
		234FE23617B06C4D00B8E7C7 /* Debug */ = {
			isa = XCBuildConfiguration;
			buildSettings = {
				BUNDLE_LOADER = "$(BUILT_PRODUCTS_DIR)/OneSong.app/OneSong";
				FRAMEWORK_SEARCH_PATHS = (
					"$(SDKROOT)/Developer/Library/Frameworks",
					"$(inherited)",
					"$(SYSTEM_APPS_DIR)/Xcode5-DP2.app/Contents/Developer/Library/Frameworks",
				);
				GCC_PRECOMPILE_PREFIX_HEADER = YES;
				GCC_PREFIX_HEADER = "OneSong/OneSong-Prefix.pch";
				GCC_PREPROCESSOR_DEFINITIONS = (
					"DEBUG=1",
					"$(inherited)",
				);
				INFOPLIST_FILE = "OneSongTests/OneSongTests-Info.plist";
				PRODUCT_NAME = "$(TARGET_NAME)";
				TEST_HOST = "$(BUNDLE_LOADER)";
				WRAPPER_EXTENSION = xctest;
			};
			name = Debug;
		};
		234FE23717B06C4D00B8E7C7 /* Release */ = {
			isa = XCBuildConfiguration;
			buildSettings = {
				BUNDLE_LOADER = "$(BUILT_PRODUCTS_DIR)/OneSong.app/OneSong";
				FRAMEWORK_SEARCH_PATHS = (
					"$(SDKROOT)/Developer/Library/Frameworks",
					"$(inherited)",
					"$(SYSTEM_APPS_DIR)/Xcode5-DP2.app/Contents/Developer/Library/Frameworks",
				);
				GCC_PRECOMPILE_PREFIX_HEADER = YES;
				GCC_PREFIX_HEADER = "OneSong/OneSong-Prefix.pch";
				INFOPLIST_FILE = "OneSongTests/OneSongTests-Info.plist";
				PRODUCT_NAME = "$(TARGET_NAME)";
				TEST_HOST = "$(BUNDLE_LOADER)";
				WRAPPER_EXTENSION = xctest;
			};
			name = Release;
		};
/* End XCBuildConfiguration section */

/* Begin XCConfigurationList section */
		234FE1F817B06C4D00B8E7C7 /* Build configuration list for PBXProject "OneSong" */ = {
			isa = XCConfigurationList;
			buildConfigurations = (
				234FE23017B06C4D00B8E7C7 /* Debug */,
				234FE23117B06C4D00B8E7C7 /* Release */,
			);
			defaultConfigurationIsVisible = 0;
			defaultConfigurationName = Release;
		};
		234FE23217B06C4D00B8E7C7 /* Build configuration list for PBXNativeTarget "OneSong" */ = {
			isa = XCConfigurationList;
			buildConfigurations = (
				234FE23317B06C4D00B8E7C7 /* Debug */,
				234FE23417B06C4D00B8E7C7 /* Release */,
			);
			defaultConfigurationIsVisible = 0;
			defaultConfigurationName = Release;
		};
		234FE23517B06C4D00B8E7C7 /* Build configuration list for PBXNativeTarget "OneSongTests" */ = {
			isa = XCConfigurationList;
			buildConfigurations = (
				234FE23617B06C4D00B8E7C7 /* Debug */,
				234FE23717B06C4D00B8E7C7 /* Release */,
			);
			defaultConfigurationIsVisible = 0;
			defaultConfigurationName = Release;
		};
/* End XCConfigurationList section */
	};
	rootObject = 234FE1F517B06C4D00B8E7C7 /* Project object */;
}
